// !$*UTF8*$!
{
	archiveVersion = 1;
	classes = {
	};
	objectVersion = 77;
	objects = {

/* Begin PBXBuildFile section */
		7E50E52F2DF16B720097DFF4 /* ReadMe.md in Resources */ = {isa = PBXBuildFile; fileRef = 7E50E52E2DF16B6C0097DFF4 /* ReadMe.md */; };
/* End PBXBuildFile section */

/* Begin PBXContainerItemProxy section */
		7E85E7FF2DF0B803008E1909 /* PBXContainerItemProxy */ = {
			isa = PBXContainerItemProxy;
			containerPortal = 7E85E7E92DF0B7FC008E1909 /* Project object */;
			proxyType = 1;
			remoteGlobalIDString = 7E85E7F02DF0B7FC008E1909;
			remoteInfo = WorkoutApp2;
		};
		7E85E8092DF0B803008E1909 /* PBXContainerItemProxy */ = {
			isa = PBXContainerItemProxy;
			containerPortal = 7E85E7E92DF0B7FC008E1909 /* Project object */;
			proxyType = 1;
			remoteGlobalIDString = 7E85E7F02DF0B7FC008E1909;
			remoteInfo = WorkoutApp2;
		};
/* End PBXContainerItemProxy section */

/* Begin PBXFileReference section */
		7E50E52E2DF16B6C0097DFF4 /* ReadMe.md */ = {isa = PBXFileReference; lastKnownFileType = net.daringfireball.markdown; path = ReadMe.md; sourceTree = "<group>"; };
		7E85E7F12DF0B7FC008E1909 /* WorkoutApp2.app */ = {isa = PBXFileReference; explicitFileType = wrapper.application; includeInIndex = 0; path = WorkoutApp2.app; sourceTree = BUILT_PRODUCTS_DIR; };
		7E85E7FE2DF0B803008E1909 /* WorkoutApp2Tests.xctest */ = {isa = PBXFileReference; explicitFileType = wrapper.cfbundle; includeInIndex = 0; path = WorkoutApp2Tests.xctest; sourceTree = BUILT_PRODUCTS_DIR; };
		7E85E8082DF0B803008E1909 /* WorkoutApp2UITests.xctest */ = {isa = PBXFileReference; explicitFileType = wrapper.cfbundle; includeInIndex = 0; path = WorkoutApp2UITests.xctest; sourceTree = BUILT_PRODUCTS_DIR; };
/* End PBXFileReference section */

/* Begin PBXFileSystemSynchronizedRootGroup section */
		7E85E7F32DF0B7FC008E1909 /* WorkoutApp2 */ = {
			isa = PBXFileSystemSynchronizedRootGroup;
			path = WorkoutApp2;
			sourceTree = "<group>";
		};
		7E85E8012DF0B803008E1909 /* WorkoutApp2Tests */ = {
			isa = PBXFileSystemSynchronizedRootGroup;
			path = WorkoutApp2Tests;
			sourceTree = "<group>";
		};
		7E85E80B2DF0B803008E1909 /* WorkoutApp2UITests */ = {
			isa = PBXFileSystemSynchronizedRootGroup;
			path = WorkoutApp2UITests;
			sourceTree = "<group>";
		};
/* End PBXFileSystemSynchronizedRootGroup section */

/* Begin PBXFrameworksBuildPhase section */
		7E85E7EE2DF0B7FC008E1909 /* Frameworks */ = {
			isa = PBXFrameworksBuildPhase;
			buildActionMask = 2147483647;
			files = (
			);
			runOnlyForDeploymentPostprocessing = 0;
		};
		7E85E7FB2DF0B803008E1909 /* Frameworks */ = {
			isa = PBXFrameworksBuildPhase;
			buildActionMask = 2147483647;
			files = (
			);
			runOnlyForDeploymentPostprocessing = 0;
		};
		7E85E8052DF0B803008E1909 /* Frameworks */ = {
			isa = PBXFrameworksBuildPhase;
			buildActionMask = 2147483647;
			files = (
			);
			runOnlyForDeploymentPostprocessing = 0;
		};
/* End PBXFrameworksBuildPhase section */

/* Begin PBXGroup section */
		7E85E7E82DF0B7FC008E1909 = {
			isa = PBXGroup;
			children = (
				7E50E52E2DF16B6C0097DFF4 /* ReadMe.md */,
				7E85E7F32DF0B7FC008E1909 /* WorkoutApp2 */,
				7E85E8012DF0B803008E1909 /* WorkoutApp2Tests */,
				7E85E80B2DF0B803008E1909 /* WorkoutApp2UITests */,
				7E85E7F22DF0B7FC008E1909 /* Products */,
			);
			sourceTree = "<group>";
		};
		7E85E7F22DF0B7FC008E1909 /* Products */ = {
			isa = PBXGroup;
			children = (
				7E85E7F12DF0B7FC008E1909 /* WorkoutApp2.app */,
				7E85E7FE2DF0B803008E1909 /* WorkoutApp2Tests.xctest */,
				7E85E8082DF0B803008E1909 /* WorkoutApp2UITests.xctest */,
			);
			name = Products;
			sourceTree = "<group>";
		};
/* End PBXGroup section */

/* Begin PBXNativeTarget section */
		7E85E7F02DF0B7FC008E1909 /* WorkoutApp2 */ = {
			isa = PBXNativeTarget;
			buildConfigurationList = 7E85E8122DF0B803008E1909 /* Build configuration list for PBXNativeTarget "WorkoutApp2" */;
			buildPhases = (
				7E85E7ED2DF0B7FC008E1909 /* Sources */,
				7E85E7EE2DF0B7FC008E1909 /* Frameworks */,
				7E85E7EF2DF0B7FC008E1909 /* Resources */,
			);
			buildRules = (
			);
			dependencies = (
			);
			fileSystemSynchronizedGroups = (
				7E85E7F32DF0B7FC008E1909 /* WorkoutApp2 */,
			);
			name = WorkoutApp2;
			packageProductDependencies = (
			);
			productName = WorkoutApp2;
			productReference = 7E85E7F12DF0B7FC008E1909 /* WorkoutApp2.app */;
			productType = "com.apple.product-type.application";
		};
		7E85E7FD2DF0B803008E1909 /* WorkoutApp2Tests */ = {
			isa = PBXNativeTarget;
			buildConfigurationList = 7E85E8152DF0B803008E1909 /* Build configuration list for PBXNativeTarget "WorkoutApp2Tests" */;
			buildPhases = (
				7E85E7FA2DF0B803008E1909 /* Sources */,
				7E85E7FB2DF0B803008E1909 /* Frameworks */,
				7E85E7FC2DF0B803008E1909 /* Resources */,
			);
			buildRules = (
			);
			dependencies = (
				7E85E8002DF0B803008E1909 /* PBXTargetDependency */,
			);
			fileSystemSynchronizedGroups = (
				7E85E8012DF0B803008E1909 /* WorkoutApp2Tests */,
			);
			name = WorkoutApp2Tests;
			packageProductDependencies = (
			);
			productName = WorkoutApp2Tests;
			productReference = 7E85E7FE2DF0B803008E1909 /* WorkoutApp2Tests.xctest */;
			productType = "com.apple.product-type.bundle.unit-test";
		};
		7E85E8072DF0B803008E1909 /* WorkoutApp2UITests */ = {
			isa = PBXNativeTarget;
			buildConfigurationList = 7E85E8182DF0B803008E1909 /* Build configuration list for PBXNativeTarget "WorkoutApp2UITests" */;
			buildPhases = (
				7E85E8042DF0B803008E1909 /* Sources */,
				7E85E8052DF0B803008E1909 /* Frameworks */,
				7E85E8062DF0B803008E1909 /* Resources */,
			);
			buildRules = (
			);
			dependencies = (
				7E85E80A2DF0B803008E1909 /* PBXTargetDependency */,
			);
			fileSystemSynchronizedGroups = (
				7E85E80B2DF0B803008E1909 /* WorkoutApp2UITests */,
			);
			name = WorkoutApp2UITests;
			packageProductDependencies = (
			);
			productName = WorkoutApp2UITests;
			productReference = 7E85E8082DF0B803008E1909 /* WorkoutApp2UITests.xctest */;
			productType = "com.apple.product-type.bundle.ui-testing";
		};
/* End PBXNativeTarget section */

/* Begin PBXProject section */
		7E85E7E92DF0B7FC008E1909 /* Project object */ = {
			isa = PBXProject;
			attributes = {
				BuildIndependentTargetsInParallel = 1;
				LastSwiftUpdateCheck = 1640;
				LastUpgradeCheck = 1640;
				TargetAttributes = {
					7E85E7F02DF0B7FC008E1909 = {
						CreatedOnToolsVersion = 16.4;
					};
					7E85E7FD2DF0B803008E1909 = {
						CreatedOnToolsVersion = 16.4;
						TestTargetID = 7E85E7F02DF0B7FC008E1909;
					};
					7E85E8072DF0B803008E1909 = {
						CreatedOnToolsVersion = 16.4;
						TestTargetID = 7E85E7F02DF0B7FC008E1909;
					};
				};
			};
			buildConfigurationList = 7E85E7EC2DF0B7FC008E1909 /* Build configuration list for PBXProject "WorkoutApp2" */;
			developmentRegion = en;
			hasScannedForEncodings = 0;
			knownRegions = (
				en,
				Base,
			);
			mainGroup = 7E85E7E82DF0B7FC008E1909;
			minimizedProjectReferenceProxies = 1;
			preferredProjectObjectVersion = 77;
			productRefGroup = 7E85E7F22DF0B7FC008E1909 /* Products */;
			projectDirPath = "";
			projectRoot = "";
			targets = (
				7E85E7F02DF0B7FC008E1909 /* WorkoutApp2 */,
				7E85E7FD2DF0B803008E1909 /* WorkoutApp2Tests */,
				7E85E8072DF0B803008E1909 /* WorkoutApp2UITests */,
			);
		};
/* End PBXProject section */

/* Begin PBXResourcesBuildPhase section */
		7E85E7EF2DF0B7FC008E1909 /* Resources */ = {
			isa = PBXResourcesBuildPhase;
			buildActionMask = 2147483647;
			files = (
				7E50E52F2DF16B720097DFF4 /* ReadMe.md in Resources */,
			);
			runOnlyForDeploymentPostprocessing = 0;
		};
		7E85E7FC2DF0B803008E1909 /* Resources */ = {
			isa = PBXResourcesBuildPhase;
			buildActionMask = 2147483647;
			files = (
			);
			runOnlyForDeploymentPostprocessing = 0;
		};
		7E85E8062DF0B803008E1909 /* Resources */ = {
			isa = PBXResourcesBuildPhase;
			buildActionMask = 2147483647;
			files = (
			);
			runOnlyForDeploymentPostprocessing = 0;
		};
/* End PBXResourcesBuildPhase section */

/* Begin PBXSourcesBuildPhase section */
		7E85E7ED2DF0B7FC008E1909 /* Sources */ = {
			isa = PBXSourcesBuildPhase;
			buildActionMask = 2147483647;
			files = (
			);
			runOnlyForDeploymentPostprocessing = 0;
		};
		7E85E7FA2DF0B803008E1909 /* Sources */ = {
			isa = PBXSourcesBuildPhase;
			buildActionMask = 2147483647;
			files = (
			);
			runOnlyForDeploymentPostprocessing = 0;
		};
		7E85E8042DF0B803008E1909 /* Sources */ = {
			isa = PBXSourcesBuildPhase;
			buildActionMask = 2147483647;
			files = (
			);
			runOnlyForDeploymentPostprocessing = 0;
		};
/* End PBXSourcesBuildPhase section */

/* Begin PBXTargetDependency section */
		7E85E8002DF0B803008E1909 /* PBXTargetDependency */ = {
			isa = PBXTargetDependency;
			target = 7E85E7F02DF0B7FC008E1909 /* WorkoutApp2 */;
			targetProxy = 7E85E7FF2DF0B803008E1909 /* PBXContainerItemProxy */;
		};
		7E85E80A2DF0B803008E1909 /* PBXTargetDependency */ = {
			isa = PBXTargetDependency;
			target = 7E85E7F02DF0B7FC008E1909 /* WorkoutApp2 */;
			targetProxy = 7E85E8092DF0B803008E1909 /* PBXContainerItemProxy */;
		};
/* End PBXTargetDependency section */

/* Begin XCBuildConfiguration section */
		7E85E8102DF0B803008E1909 /* Debug */ = {
			isa = XCBuildConfiguration;
			buildSettings = {
				ALWAYS_SEARCH_USER_PATHS = NO;
				ASSETCATALOG_COMPILER_GENERATE_SWIFT_ASSET_SYMBOL_EXTENSIONS = YES;
				CLANG_ANALYZER_NONNULL = YES;
				CLANG_ANALYZER_NUMBER_OBJECT_CONVERSION = YES_AGGRESSIVE;
				CLANG_CXX_LANGUAGE_STANDARD = "gnu++20";
				CLANG_ENABLE_MODULES = YES;
				CLANG_ENABLE_OBJC_ARC = YES;
				CLANG_ENABLE_OBJC_WEAK = YES;
				CLANG_WARN_BLOCK_CAPTURE_AUTORELEASING = YES;
				CLANG_WARN_BOOL_CONVERSION = YES;
				CLANG_WARN_COMMA = YES;
				CLANG_WARN_CONSTANT_CONVERSION = YES;
				CLANG_WARN_DEPRECATED_OBJC_IMPLEMENTATIONS = YES;
				CLANG_WARN_DIRECT_OBJC_ISA_USAGE = YES_ERROR;
				CLANG_WARN_DOCUMENTATION_COMMENTS = YES;
				CLANG_WARN_EMPTY_BODY = YES;
				CLANG_WARN_ENUM_CONVERSION = YES;
				CLANG_WARN_INFINITE_RECURSION = YES;
				CLANG_WARN_INT_CONVERSION = YES;
				CLANG_WARN_NON_LITERAL_NULL_CONVERSION = YES;
				CLANG_WARN_OBJC_IMPLICIT_RETAIN_SELF = YES;
				CLANG_WARN_OBJC_LITERAL_CONVERSION = YES;
				CLANG_WARN_OBJC_ROOT_CLASS = YES_ERROR;
				CLANG_WARN_QUOTED_INCLUDE_IN_FRAMEWORK_HEADER = YES;
				CLANG_WARN_RANGE_LOOP_ANALYSIS = YES;
				CLANG_WARN_STRICT_PROTOTYPES = YES;
				CLANG_WARN_SUSPICIOUS_MOVE = YES;
				CLANG_WARN_UNGUARDED_AVAILABILITY = YES_AGGRESSIVE;
				CLANG_WARN_UNREACHABLE_CODE = YES;
				CLANG_WARN__DUPLICATE_METHOD_MATCH = YES;
				COPY_PHASE_STRIP = NO;
				DEBUG_INFORMATION_FORMAT = dwarf;
				ENABLE_STRICT_OBJC_MSGSEND = YES;
				ENABLE_TESTABILITY = YES;
				ENABLE_USER_SCRIPT_SANDBOXING = YES;
				GCC_C_LANGUAGE_STANDARD = gnu17;
				GCC_DYNAMIC_NO_PIC = NO;
				GCC_NO_COMMON_BLOCKS = YES;
				GCC_OPTIMIZATION_LEVEL = 0;
				GCC_PREPROCESSOR_DEFINITIONS = (
					"DEBUG=1",
					"$(inherited)",
				);
				GCC_WARN_64_TO_32_BIT_CONVERSION = YES;
				GCC_WARN_ABOUT_RETURN_TYPE = YES_ERROR;
				GCC_WARN_UNDECLARED_SELECTOR = YES;
				GCC_WARN_UNINITIALIZED_AUTOS = YES_AGGRESSIVE;
				GCC_WARN_UNUSED_FUNCTION = YES;
				GCC_WARN_UNUSED_VARIABLE = YES;
				IPHONEOS_DEPLOYMENT_TARGET = 18.5;
				LOCALIZATION_PREFERS_STRING_CATALOGS = YES;
				MTL_ENABLE_DEBUG_INFO = INCLUDE_SOURCE;
				MTL_FAST_MATH = YES;
				ONLY_ACTIVE_ARCH = YES;
				SDKROOT = iphoneos;
				SWIFT_ACTIVE_COMPILATION_CONDITIONS = "DEBUG $(inherited)";
				SWIFT_OPTIMIZATION_LEVEL = "-Onone";
			};
			name = Debug;
		};
		7E85E8112DF0B803008E1909 /* Release */ = {
			isa = XCBuildConfiguration;
			buildSettings = {
				ALWAYS_SEARCH_USER_PATHS = NO;
				ASSETCATALOG_COMPILER_GENERATE_SWIFT_ASSET_SYMBOL_EXTENSIONS = YES;
				CLANG_ANALYZER_NONNULL = YES;
				CLANG_ANALYZER_NUMBER_OBJECT_CONVERSION = YES_AGGRESSIVE;
				CLANG_CXX_LANGUAGE_STANDARD = "gnu++20";
				CLANG_ENABLE_MODULES = YES;
				CLANG_ENABLE_OBJC_ARC = YES;
				CLANG_ENABLE_OBJC_WEAK = YES;
				CLANG_WARN_BLOCK_CAPTURE_AUTORELEASING = YES;
				CLANG_WARN_BOOL_CONVERSION = YES;
				CLANG_WARN_COMMA = YES;
				CLANG_WARN_CONSTANT_CONVERSION = YES;
				CLANG_WARN_DEPRECATED_OBJC_IMPLEMENTATIONS = YES;
				CLANG_WARN_DIRECT_OBJC_ISA_USAGE = YES_ERROR;
				CLANG_WARN_DOCUMENTATION_COMMENTS = YES;
				CLANG_WARN_EMPTY_BODY = YES;
				CLANG_WARN_ENUM_CONVERSION = YES;
				CLANG_WARN_INFINITE_RECURSION = YES;
				CLANG_WARN_INT_CONVERSION = YES;
				CLANG_WARN_NON_LITERAL_NULL_CONVERSION = YES;
				CLANG_WARN_OBJC_IMPLICIT_RETAIN_SELF = YES;
				CLANG_WARN_OBJC_LITERAL_CONVERSION = YES;
				CLANG_WARN_OBJC_ROOT_CLASS = YES_ERROR;
				CLANG_WARN_QUOTED_INCLUDE_IN_FRAMEWORK_HEADER = YES;
				CLANG_WARN_RANGE_LOOP_ANALYSIS = YES;
				CLANG_WARN_STRICT_PROTOTYPES = YES;
				CLANG_WARN_SUSPICIOUS_MOVE = YES;
				CLANG_WARN_UNGUARDED_AVAILABILITY = YES_AGGRESSIVE;
				CLANG_WARN_UNREACHABLE_CODE = YES;
				CLANG_WARN__DUPLICATE_METHOD_MATCH = YES;
				COPY_PHASE_STRIP = NO;
				DEBUG_INFORMATION_FORMAT = "dwarf-with-dsym";
				ENABLE_NS_ASSERTIONS = NO;
				ENABLE_STRICT_OBJC_MSGSEND = YES;
				ENABLE_USER_SCRIPT_SANDBOXING = YES;
				GCC_C_LANGUAGE_STANDARD = gnu17;
				GCC_NO_COMMON_BLOCKS = YES;
				GCC_WARN_64_TO_32_BIT_CONVERSION = YES;
				GCC_WARN_ABOUT_RETURN_TYPE = YES_ERROR;
				GCC_WARN_UNDECLARED_SELECTOR = YES;
				GCC_WARN_UNINITIALIZED_AUTOS = YES_AGGRESSIVE;
				GCC_WARN_UNUSED_FUNCTION = YES;
				GCC_WARN_UNUSED_VARIABLE = YES;
				IPHONEOS_DEPLOYMENT_TARGET = 18.5;
				LOCALIZATION_PREFERS_STRING_CATALOGS = YES;
				MTL_ENABLE_DEBUG_INFO = NO;
				MTL_FAST_MATH = YES;
				SDKROOT = iphoneos;
				SWIFT_COMPILATION_MODE = wholemodule;
				VALIDATE_PRODUCT = YES;
			};
			name = Release;
		};
		7E85E8132DF0B803008E1909 /* Debug */ = {
			isa = XCBuildConfiguration;
			buildSettings = {
				ASSETCATALOG_COMPILER_APPICON_NAME = AppIcon;
				ASSETCATALOG_COMPILER_GLOBAL_ACCENT_COLOR_NAME = AccentColor;
				CODE_SIGN_STYLE = Automatic;
				CURRENT_PROJECT_VERSION = 1;
				ENABLE_PREVIEWS = YES;
				GENERATE_INFOPLIST_FILE = YES;
				INFOPLIST_KEY_UIApplicationSceneManifest_Generation = YES;
				INFOPLIST_KEY_UIApplicationSupportsIndirectInputEvents = YES;
				INFOPLIST_KEY_UILaunchScreen_Generation = YES;
				INFOPLIST_KEY_UISupportedInterfaceOrientations_iPad = "UIInterfaceOrientationPortrait UIInterfaceOrientationPortraitUpsideDown UIInterfaceOrientationLandscapeLeft UIInterfaceOrientationLandscapeRight";
				INFOPLIST_KEY_UISupportedInterfaceOrientations_iPhone = "UIInterfaceOrientationPortrait UIInterfaceOrientationLandscapeLeft UIInterfaceOrientationLandscapeRight";
				LD_RUNPATH_SEARCH_PATHS = (
					"$(inherited)",
					"@executable_path/Frameworks",
				);
				MARKETING_VERSION = 1.0;
				PRODUCT_BUNDLE_IDENTIFIER = "Fox-Studios.WorkoutApp2";
				PRODUCT_NAME = "$(TARGET_NAME)";
				SWIFT_EMIT_LOC_STRINGS = YES;
				SWIFT_VERSION = 5.0;
				TARGETED_DEVICE_FAMILY = "1,2";
			};
			name = Debug;
		};
		7E85E8142DF0B803008E1909 /* Release */ = {
			isa = XCBuildConfiguration;
			buildSettings = {
				ASSETCATALOG_COMPILER_APPICON_NAME = AppIcon;
				ASSETCATALOG_COMPILER_GLOBAL_ACCENT_COLOR_NAME = AccentColor;
				CODE_SIGN_STYLE = Automatic;
				CURRENT_PROJECT_VERSION = 1;
				ENABLE_PREVIEWS = YES;
				GENERATE_INFOPLIST_FILE = YES;
				INFOPLIST_KEY_UIApplicationSceneManifest_Generation = YES;
				INFOPLIST_KEY_UIApplicationSupportsIndirectInputEvents = YES;
				INFOPLIST_KEY_UILaunchScreen_Generation = YES;
				INFOPLIST_KEY_UISupportedInterfaceOrientations_iPad = "UIInterfaceOrientationPortrait UIInterfaceOrientationPortraitUpsideDown UIInterfaceOrientationLandscapeLeft UIInterfaceOrientationLandscapeRight";
				INFOPLIST_KEY_UISupportedInterfaceOrientations_iPhone = "UIInterfaceOrientationPortrait UIInterfaceOrientationLandscapeLeft UIInterfaceOrientationLandscapeRight";
				LD_RUNPATH_SEARCH_PATHS = (
					"$(inherited)",
					"@executable_path/Frameworks",
				);
				MARKETING_VERSION = 1.0;
				PRODUCT_BUNDLE_IDENTIFIER = "Fox-Studios.WorkoutApp2";
				PRODUCT_NAME = "$(TARGET_NAME)";
				SWIFT_EMIT_LOC_STRINGS = YES;
				SWIFT_VERSION = 5.0;
				TARGETED_DEVICE_FAMILY = "1,2";
			};
			name = Release;
		};
		7E85E8162DF0B803008E1909 /* Debug */ = {
			isa = XCBuildConfiguration;
			buildSettings = {
				BUNDLE_LOADER = "$(TEST_HOST)";
				CODE_SIGN_STYLE = Automatic;
				CURRENT_PROJECT_VERSION = 1;
				GENERATE_INFOPLIST_FILE = YES;
				IPHONEOS_DEPLOYMENT_TARGET = 18.5;
				MARKETING_VERSION = 1.0;
				PRODUCT_BUNDLE_IDENTIFIER = "Fox-Studios.WorkoutApp2Tests";
				PRODUCT_NAME = "$(TARGET_NAME)";
				SWIFT_EMIT_LOC_STRINGS = NO;
				SWIFT_VERSION = 5.0;
				TARGETED_DEVICE_FAMILY = "1,2";
				TEST_HOST = "$(BUILT_PRODUCTS_DIR)/WorkoutApp2.app/$(BUNDLE_EXECUTABLE_FOLDER_PATH)/WorkoutApp2";
			};
			name = Debug;
		};
		7E85E8172DF0B803008E1909 /* Release */ = {
			isa = XCBuildConfiguration;
			buildSettings = {
				BUNDLE_LOADER = "$(TEST_HOST)";
				CODE_SIGN_STYLE = Automatic;
				CURRENT_PROJECT_VERSION = 1;
				GENERATE_INFOPLIST_FILE = YES;
				IPHONEOS_DEPLOYMENT_TARGET = 18.5;
				MARKETING_VERSION = 1.0;
				PRODUCT_BUNDLE_IDENTIFIER = "Fox-Studios.WorkoutApp2Tests";
				PRODUCT_NAME = "$(TARGET_NAME)";
				SWIFT_EMIT_LOC_STRINGS = NO;
				SWIFT_VERSION = 5.0;
				TARGETED_DEVICE_FAMILY = "1,2";
				TEST_HOST = "$(BUILT_PRODUCTS_DIR)/WorkoutApp2.app/$(BUNDLE_EXECUTABLE_FOLDER_PATH)/WorkoutApp2";
			};
			name = Release;
		};
		7E85E8192DF0B803008E1909 /* Debug */ = {
			isa = XCBuildConfiguration;
			buildSettings = {
				CODE_SIGN_STYLE = Automatic;
				CURRENT_PROJECT_VERSION = 1;
				GENERATE_INFOPLIST_FILE = YES;
				MARKETING_VERSION = 1.0;
				PRODUCT_BUNDLE_IDENTIFIER = "Fox-Studios.WorkoutApp2UITests";
				PRODUCT_NAME = "$(TARGET_NAME)";
				SWIFT_EMIT_LOC_STRINGS = NO;
				SWIFT_VERSION = 5.0;
				TARGETED_DEVICE_FAMILY = "1,2";
				TEST_TARGET_NAME = WorkoutApp2;
			};
			name = Debug;
		};
		7E85E81A2DF0B803008E1909 /* Release */ = {
			isa = XCBuildConfiguration;
			buildSettings = {
				CODE_SIGN_STYLE = Automatic;
				CURRENT_PROJECT_VERSION = 1;
				GENERATE_INFOPLIST_FILE = YES;
				MARKETING_VERSION = 1.0;
				PRODUCT_BUNDLE_IDENTIFIER = "Fox-Studios.WorkoutApp2UITests";
				PRODUCT_NAME = "$(TARGET_NAME)";
				SWIFT_EMIT_LOC_STRINGS = NO;
				SWIFT_VERSION = 5.0;
				TARGETED_DEVICE_FAMILY = "1,2";
				TEST_TARGET_NAME = WorkoutApp2;
			};
			name = Release;
		};
/* End XCBuildConfiguration section */

/* Begin XCConfigurationList section */
		7E85E7EC2DF0B7FC008E1909 /* Build configuration list for PBXProject "WorkoutApp2" */ = {
			isa = XCConfigurationList;
			buildConfigurations = (
				7E85E8102DF0B803008E1909 /* Debug */,
				7E85E8112DF0B803008E1909 /* Release */,
			);
			defaultConfigurationIsVisible = 0;
			defaultConfigurationName = Release;
		};
		7E85E8122DF0B803008E1909 /* Build configuration list for PBXNativeTarget "WorkoutApp2" */ = {
			isa = XCConfigurationList;
			buildConfigurations = (
				7E85E8132DF0B803008E1909 /* Debug */,
				7E85E8142DF0B803008E1909 /* Release */,
			);
			defaultConfigurationIsVisible = 0;
			defaultConfigurationName = Release;
		};
		7E85E8152DF0B803008E1909 /* Build configuration list for PBXNativeTarget "WorkoutApp2Tests" */ = {
			isa = XCConfigurationList;
			buildConfigurations = (
				7E85E8162DF0B803008E1909 /* Debug */,
				7E85E8172DF0B803008E1909 /* Release */,
			);
			defaultConfigurationIsVisible = 0;
			defaultConfigurationName = Release;
		};
		7E85E8182DF0B803008E1909 /* Build configuration list for PBXNativeTarget "WorkoutApp2UITests" */ = {
			isa = XCConfigurationList;
			buildConfigurations = (
				7E85E8192DF0B803008E1909 /* Debug */,
				7E85E81A2DF0B803008E1909 /* Release */,
			);
			defaultConfigurationIsVisible = 0;
			defaultConfigurationName = Release;
		};
/* End XCConfigurationList section */
	};
	rootObject = 7E85E7E92DF0B7FC008E1909 /* Project object */;
}
